
Microsoft Visual Studio Solution File, Format Version 12.00
# Visual Studio Version 17
VisualStudioVersion = 17.7.34024.191
MinimumVisualStudioVersion = 10.0.40219.1
Project("{FAE04EC0-301F-11D3-BF4B-00C04F79EFBC}") = "EnergyManagementPrism", "EnergyManagementPrism\EnergyManagementPrism.csproj", "{F07996E2-4EA6-438C-9D7D-385112C7B795}"
EndProject
Global
	GlobalSection(SolutionConfigurationPlatforms) = preSolution
		Debug|Any CPU = Debug|Any CPU
		Release|Any CPU = Release|Any CPU
	EndGlobalSection
	GlobalSection(ProjectConfigurationPlatforms) = postSolution
		{F07996E2-4EA6-438C-9D7D-385112C7B795}.Debug|Any CPU.ActiveCfg = Debug|Any CPU
		{F07996E2-4EA6-438C-9D7D-385112C7B795}.Debug|Any CPU.Build.0 = Debug|Any CPU
		{F07996E2-4EA6-438C-9D7D-385112C7B795}.Release|Any CPU.ActiveCfg = Release|Any CPU
		{F07996E2-4EA6-438C-9D7D-385112C7B795}.Release|Any CPU.Build.0 = Release|Any CPU
	EndGlobalSection
	GlobalSection(SolutionProperties) = preSolution
		HideSolutionNode = FALSE
	EndGlobalSection
	GlobalSection(ExtensibilityGlobals) = postSolution
		SolutionGuid = {7EF0784D-7BE8-42BD-A239-F69214E3DBF5}
	EndGlobalSection
EndGlobal
